
Microsoft Visual Studio Solution File, Format Version 12.00
# Visual Studio Version 17
VisualStudioVersion = 17.4.33205.214
MinimumVisualStudioVersion = 10.0.40219.1
Project("{FAE04EC0-301F-11D3-BF4B-00C04F79EFBC}") = "enuzTranslatorBegin.MVC", "enuzTranslatorBegin.MVC\enuzTranslatorBegin.MVC.csproj", "{76788C61-E6D0-45DB-BC1B-AC6768D9F854}"
EndProject
Global
	GlobalSection(SolutionConfigurationPlatforms) = preSolution
		Debug|Any CPU = Debug|Any CPU
		Release|Any CPU = Release|Any CPU
	EndGlobalSection
	GlobalSection(ProjectConfigurationPlatforms) = postSolution
		{76788C61-E6D0-45DB-BC1B-AC6768D9F854}.Debug|Any CPU.ActiveCfg = Debug|Any CPU
		{76788C61-E6D0-45DB-BC1B-AC6768D9F854}.Debug|Any CPU.Build.0 = Debug|Any CPU
		{76788C61-E6D0-45DB-BC1B-AC6768D9F854}.Release|Any CPU.ActiveCfg = Release|Any CPU
		{76788C61-E6D0-45DB-BC1B-AC6768D9F854}.Release|Any CPU.Build.0 = Release|Any CPU
	EndGlobalSection
	GlobalSection(SolutionProperties) = preSolution
		HideSolutionNode = FALSE
	EndGlobalSection
	GlobalSection(ExtensibilityGlobals) = postSolution
		SolutionGuid = {3C7EEF6B-6677-4380-9285-4D987F40D018}
	EndGlobalSection
EndGlobal
